
Microsoft Visual Studio Solution File, Format Version 12.00
# Visual Studio Version 17
VisualStudioVersion = 17.4.33213.308
MinimumVisualStudioVersion = 10.0.40219.1
Project("{FAE04EC0-301F-11D3-BF4B-00C04F79EFBC}") = "ProjetoCalculo", "ProjetoCalculo\ProjetoCalculo.csproj", "{AEAA4735-ACE0-4C37-BC4B-9A949F5ECAF4}"
EndProject
Global
	GlobalSection(SolutionConfigurationPlatforms) = preSolution
		Debug|Any CPU = Debug|Any CPU
		Release|Any CPU = Release|Any CPU
	EndGlobalSection
	GlobalSection(ProjectConfigurationPlatforms) = postSolution
		{AEAA4735-ACE0-4C37-BC4B-9A949F5ECAF4}.Debug|Any CPU.ActiveCfg = Debug|Any CPU
		{AEAA4735-ACE0-4C37-BC4B-9A949F5ECAF4}.Debug|Any CPU.Build.0 = Debug|Any CPU
		{AEAA4735-ACE0-4C37-BC4B-9A949F5ECAF4}.Release|Any CPU.ActiveCfg = Release|Any CPU
		{AEAA4735-ACE0-4C37-BC4B-9A949F5ECAF4}.Release|Any CPU.Build.0 = Release|Any CPU
	EndGlobalSection
	GlobalSection(SolutionProperties) = preSolution
		HideSolutionNode = FALSE
	EndGlobalSection
	GlobalSection(ExtensibilityGlobals) = postSolution
		SolutionGuid = {329C2A38-4FDD-463A-B624-07D068374805}
	EndGlobalSection
EndGlobal
